
Microsoft Visual Studio Solution File, Format Version 12.00
# Visual Studio 15
VisualStudioVersion = 15.0.28307.271
MinimumVisualStudioVersion = 10.0.40219.1
Project("{8BC9CEB8-8B4A-11D0-8D11-00A0C91BC942}") = "Listing_3_1", "Listing_3_1\Listing_3_1.vcxproj", "{BE4D134E-6C96-46D2-AF1D-F6B99B54C7F2}"
EndProject
Project("{8BC9CEB8-8B4A-11D0-8D11-00A0C91BC942}") = "Listing_3_3", "Listing_3_3\Listing_3_3.vcxproj", "{96976C67-7404-4FAC-92AB-524E988F9755}"
EndProject
Project("{8BC9CEB8-8B4A-11D0-8D11-00A0C91BC942}") = "Listing_3_5", "Listing_3_5\Listing_3_5.vcxproj", "{314DB31A-E403-418D-A74B-6D574DBCCC48}"
EndProject
Project("{8BC9CEB8-8B4A-11D0-8D11-00A0C91BC942}") = "Listing_3_19", "Listing_3_19\Listing_3_19.vcxproj", "{AC4C7721-C7F5-420B-B1EF-2F0E9C693647}"
EndProject
Project("{8BC9CEB8-8B4A-11D0-8D11-00A0C91BC942}") = "Listing_3_21", "Listing_3_21\Listing_3_21.vcxproj", "{BA02D1E6-1AAA-4D4B-8ECA-4313C1A49CC7}"
EndProject
Project("{8BC9CEB8-8B4A-11D0-8D11-00A0C91BC942}") = "Listing_3_24", "Listing_3_24\Listing_3_24.vcxproj", "{21A35F56-084D-42BB-82E3-66053B42010A}"
EndProject
Project("{8BC9CEB8-8B4A-11D0-8D11-00A0C91BC942}") = "Listing_3_28", "Listing_3_28\Listing_3_28.vcxproj", "{AEF5BBE6-1BDD-4F18-B49B-F7509DA7BC35}"
EndProject
Project("{8BC9CEB8-8B4A-11D0-8D11-00A0C91BC942}") = "Listing_3_32", "Listing_3_32\Listing_3_32.vcxproj", "{6946286A-D25D-4755-9FF6-16D44A57A89F}"
EndProject
Project("{8BC9CEB8-8B4A-11D0-8D11-00A0C91BC942}") = "Listing_3_34", "Listing_3_34\Listing_3_34.vcxproj", "{45EDF689-7543-4E89-B6E1-CC750BE273A1}"
EndProject
Project("{8BC9CEB8-8B4A-11D0-8D11-00A0C91BC942}") = "Listing_3_39", "Listing_3_39\Listing_3_39.vcxproj", "{62905AEA-6949-4358-A901-6621C1A2F720}"
EndProject
Project("{8BC9CEB8-8B4A-11D0-8D11-00A0C91BC942}") = "Listing_3_43", "Listing_3_43\Listing_3_43.vcxproj", "{E26CBFC0-8AC7-4089-8470-50AE2B967F41}"
EndProject
Project("{8BC9CEB8-8B4A-11D0-8D11-00A0C91BC942}") = "Listing_3_48", "Listing_3_48\Listing_3_48.vcxproj", "{FC67F6AC-3415-4774-991A-178E2762C05F}"
EndProject
Project("{8BC9CEB8-8B4A-11D0-8D11-00A0C91BC942}") = "Listing_3_54", "Listing_3_54\Listing_3_54.vcxproj", "{19102C42-80E5-4856-92BE-C28AFC3C96D0}"
EndProject
Project("{2150E333-8FDC-42A3-9474-1A3956D46DE8}") = "CS", "CS", "{E8C92852-B380-457C-80FC-4ED32E953492}"
EndProject
Project("{FAE04EC0-301F-11D3-BF4B-00C04F79EFBC}") = "Listing_3_7", "CS\Listing_3_7\Listing_3_7.csproj", "{9C4AAA3A-A780-4C9D-BA42-12D98458A2C6}"
EndProject
Project("{FAE04EC0-301F-11D3-BF4B-00C04F79EFBC}") = "Listing_3_9", "CS\Listing_3_9\Listing_3_9.csproj", "{26419AC9-1924-474F-A3A4-9B6C500A4061}"
EndProject
Project("{FAE04EC0-301F-11D3-BF4B-00C04F79EFBC}") = "Listing_3_11", "CS\Listing_3_11\Listing_3_11.csproj", "{F43B762D-CBA5-486B-A6B7-81CF3C438C3F}"
EndProject
Project("{FAE04EC0-301F-11D3-BF4B-00C04F79EFBC}") = "Listing_3_15", "CS\Listing_3_15\Listing_3_15.csproj", "{DD39DCFE-DB8B-44C8-945F-4DEE0C3D927B}"
EndProject
Project("{FAE04EC0-301F-11D3-BF4B-00C04F79EFBC}") = "Listing_3_17", "CS\Listing_3_17\Listing_3_17.csproj", "{ACB96477-E19A-4E0F-896E-4DAFBB1EB029}"
EndProject
Project("{FAE04EC0-301F-11D3-BF4B-00C04F79EFBC}") = "Listing_3_22", "CS\Listing_3_22\Listing_3_22.csproj", "{84E33351-7A62-4EF2-A2E4-85B1652A9645}"
EndProject
Project("{FAE04EC0-301F-11D3-BF4B-00C04F79EFBC}") = "Listing_3_26", "CS\Listing_3_26\Listing_3_26.csproj", "{BF7977D4-C7BA-4482-BEC5-8B705B1FA0CA}"
EndProject
Project("{FAE04EC0-301F-11D3-BF4B-00C04F79EFBC}") = "Listing_3_29", "CS\Listing_3_29\Listing_3_29.csproj", "{3F03D790-9CC4-447F-8674-7609FFE1CE6E}"
EndProject
Project("{FAE04EC0-301F-11D3-BF4B-00C04F79EFBC}") = "Listing_3_36", "CS\Listing_3_36\Listing_3_36.csproj", "{4DBE2C76-ADC3-4613-BD59-F16117AC02EB}"
EndProject
Project("{FAE04EC0-301F-11D3-BF4B-00C04F79EFBC}") = "Listing_3_40", "CS\Listing_3_40\Listing_3_40.csproj", "{5ADD3C29-9020-4DA0-BB77-1E38BA04D2C3}"
EndProject
Project("{FAE04EC0-301F-11D3-BF4B-00C04F79EFBC}") = "Listing_3_45", "CS\Listing_3_45\Listing_3_45.csproj", "{070AD884-AED9-4124-8602-01FFB96B0787}"
EndProject
Project("{FAE04EC0-301F-11D3-BF4B-00C04F79EFBC}") = "Listing_3_50", "CS\Listing_3_50\Listing_3_50.csproj", "{B24BDD54-0EDB-4027-857B-A929BB3B7794}"
EndProject
Project("{FAE04EC0-301F-11D3-BF4B-00C04F79EFBC}") = "Listing_3_55", "CS\Listing_3_55\Listing_3_55.csproj", "{A422F2A1-0D70-4A05-BCAB-911420EB6285}"
EndProject
Global
	GlobalSection(SolutionConfigurationPlatforms) = preSolution
		Debug|Any CPU = Debug|Any CPU
		Debug|x86 = Debug|x86
		Release|Any CPU = Release|Any CPU
		Release|x86 = Release|x86
	EndGlobalSection
	GlobalSection(ProjectConfigurationPlatforms) = postSolution
		{BE4D134E-6C96-46D2-AF1D-F6B99B54C7F2}.Debug|Any CPU.ActiveCfg = Debug|Win32
		{BE4D134E-6C96-46D2-AF1D-F6B99B54C7F2}.Debug|x86.ActiveCfg = Debug|Win32
		{BE4D134E-6C96-46D2-AF1D-F6B99B54C7F2}.Debug|x86.Build.0 = Debug|Win32
		{BE4D134E-6C96-46D2-AF1D-F6B99B54C7F2}.Release|Any CPU.ActiveCfg = Release|Win32
		{BE4D134E-6C96-46D2-AF1D-F6B99B54C7F2}.Release|x86.ActiveCfg = Release|Win32
		{BE4D134E-6C96-46D2-AF1D-F6B99B54C7F2}.Release|x86.Build.0 = Release|Win32
		{96976C67-7404-4FAC-92AB-524E988F9755}.Debug|Any CPU.ActiveCfg = Debug|Win32
		{96976C67-7404-4FAC-92AB-524E988F9755}.Debug|x86.ActiveCfg = Debug|Win32
		{96976C67-7404-4FAC-92AB-524E988F9755}.Debug|x86.Build.0 = Debug|Win32
		{96976C67-7404-4FAC-92AB-524E988F9755}.Release|Any CPU.ActiveCfg = Release|Win32
		{96976C67-7404-4FAC-92AB-524E988F9755}.Release|x86.ActiveCfg = Release|Win32
		{96976C67-7404-4FAC-92AB-524E988F9755}.Release|x86.Build.0 = Release|Win32
		{314DB31A-E403-418D-A74B-6D574DBCCC48}.Debug|Any CPU.ActiveCfg = Debug|Win32
		{314DB31A-E403-418D-A74B-6D574DBCCC48}.Debug|x86.ActiveCfg = Debug|Win32
		{314DB31A-E403-418D-A74B-6D574DBCCC48}.Debug|x86.Build.0 = Debug|Win32
		{314DB31A-E403-418D-A74B-6D574DBCCC48}.Release|Any CPU.ActiveCfg = Release|Win32
		{314DB31A-E403-418D-A74B-6D574DBCCC48}.Release|x86.ActiveCfg = Release|Win32
		{314DB31A-E403-418D-A74B-6D574DBCCC48}.Release|x86.Build.0 = Release|Win32
		{AC4C7721-C7F5-420B-B1EF-2F0E9C693647}.Debug|Any CPU.ActiveCfg = Debug|Win32
		{AC4C7721-C7F5-420B-B1EF-2F0E9C693647}.Debug|x86.ActiveCfg = Debug|Win32
		{AC4C7721-C7F5-420B-B1EF-2F0E9C693647}.Debug|x86.Build.0 = Debug|Win32
		{AC4C7721-C7F5-420B-B1EF-2F0E9C693647}.Release|Any CPU.ActiveCfg = Release|Win32
		{AC4C7721-C7F5-420B-B1EF-2F0E9C693647}.Release|x86.ActiveCfg = Release|Win32
		{AC4C7721-C7F5-420B-B1EF-2F0E9C693647}.Release|x86.Build.0 = Release|Win32
		{BA02D1E6-1AAA-4D4B-8ECA-4313C1A49CC7}.Debug|Any CPU.ActiveCfg = Debug|Win32
		{BA02D1E6-1AAA-4D4B-8ECA-4313C1A49CC7}.Debug|x86.ActiveCfg = Debug|Win32
		{BA02D1E6-1AAA-4D4B-8ECA-4313C1A49CC7}.Debug|x86.Build.0 = Debug|Win32
		{BA02D1E6-1AAA-4D4B-8ECA-4313C1A49CC7}.Release|Any CPU.ActiveCfg = Release|Win32
		{BA02D1E6-1AAA-4D4B-8ECA-4313C1A49CC7}.Release|x86.ActiveCfg = Release|Win32
		{BA02D1E6-1AAA-4D4B-8ECA-4313C1A49CC7}.Release|x86.Build.0 = Release|Win32
		{21A35F56-084D-42BB-82E3-66053B42010A}.Debug|Any CPU.ActiveCfg = Debug|Win32
		{21A35F56-084D-42BB-82E3-66053B42010A}.Debug|x86.ActiveCfg = Debug|Win32
		{21A35F56-084D-42BB-82E3-66053B42010A}.Debug|x86.Build.0 = Debug|Win32
		{21A35F56-084D-42BB-82E3-66053B42010A}.Release|Any CPU.ActiveCfg = Release|Win32
		{21A35F56-084D-42BB-82E3-66053B42010A}.Release|x86.ActiveCfg = Release|Win32
		{21A35F56-084D-42BB-82E3-66053B42010A}.Release|x86.Build.0 = Release|Win32
		{AEF5BBE6-1BDD-4F18-B49B-F7509DA7BC35}.Debug|Any CPU.ActiveCfg = Debug|Win32
		{AEF5BBE6-1BDD-4F18-B49B-F7509DA7BC35}.Debug|x86.ActiveCfg = Debug|Win32
		{AEF5BBE6-1BDD-4F18-B49B-F7509DA7BC35}.Debug|x86.Build.0 = Debug|Win32
		{AEF5BBE6-1BDD-4F18-B49B-F7509DA7BC35}.Release|Any CPU.ActiveCfg = Release|Win32
		{AEF5BBE6-1BDD-4F18-B49B-F7509DA7BC35}.Release|x86.ActiveCfg = Release|Win32
		{AEF5BBE6-1BDD-4F18-B49B-F7509DA7BC35}.Release|x86.Build.0 = Release|Win32
		{6946286A-D25D-4755-9FF6-16D44A57A89F}.Debug|Any CPU.ActiveCfg = Debug|Win32
		{6946286A-D25D-4755-9FF6-16D44A57A89F}.Debug|x86.ActiveCfg = Debug|Win32
		{6946286A-D25D-4755-9FF6-16D44A57A89F}.Debug|x86.Build.0 = Debug|Win32
		{6946286A-D25D-4755-9FF6-16D44A57A89F}.Release|Any CPU.ActiveCfg = Release|Win32
		{6946286A-D25D-4755-9FF6-16D44A57A89F}.Release|x86.ActiveCfg = Release|Win32
		{6946286A-D25D-4755-9FF6-16D44A57A89F}.Release|x86.Build.0 = Release|Win32
		{45EDF689-7543-4E89-B6E1-CC750BE273A1}.Debug|Any CPU.ActiveCfg = Debug|Win32
		{45EDF689-7543-4E89-B6E1-CC750BE273A1}.Debug|x86.ActiveCfg = Debug|Win32
		{45EDF689-7543-4E89-B6E1-CC750BE273A1}.Debug|x86.Build.0 = Debug|Win32
		{45EDF689-7543-4E89-B6E1-CC750BE273A1}.Release|Any CPU.ActiveCfg = Release|Win32
		{45EDF689-7543-4E89-B6E1-CC750BE273A1}.Release|x86.ActiveCfg = Release|Win32
		{45EDF689-7543-4E89-B6E1-CC750BE273A1}.Release|x86.Build.0 = Release|Win32
		{62905AEA-6949-4358-A901-6621C1A2F720}.Debug|Any CPU.ActiveCfg = Debug|Win32
		{62905AEA-6949-4358-A901-6621C1A2F720}.Debug|x86.ActiveCfg = Debug|Win32
		{62905AEA-6949-4358-A901-6621C1A2F720}.Debug|x86.Build.0 = Debug|Win32
		{62905AEA-6949-4358-A901-6621C1A2F720}.Release|Any CPU.ActiveCfg = Release|Win32
		{62905AEA-6949-4358-A901-6621C1A2F720}.Release|x86.ActiveCfg = Release|Win32
		{62905AEA-6949-4358-A901-6621C1A2F720}.Release|x86.Build.0 = Release|Win32
		{E26CBFC0-8AC7-4089-8470-50AE2B967F41}.Debug|Any CPU.ActiveCfg = Debug|Win32
		{E26CBFC0-8AC7-4089-8470-50AE2B967F41}.Debug|x86.ActiveCfg = Debug|Win32
		{E26CBFC0-8AC7-4089-8470-50AE2B967F41}.Debug|x86.Build.0 = Debug|Win32
		{E26CBFC0-8AC7-4089-8470-50AE2B967F41}.Release|Any CPU.ActiveCfg = Release|Win32
		{E26CBFC0-8AC7-4089-8470-50AE2B967F41}.Release|x86.ActiveCfg = Release|Win32
		{E26CBFC0-8AC7-4089-8470-50AE2B967F41}.Release|x86.Build.0 = Release|Win32
		{FC67F6AC-3415-4774-991A-178E2762C05F}.Debug|Any CPU.ActiveCfg = Debug|Win32
		{FC67F6AC-3415-4774-991A-178E2762C05F}.Debug|x86.ActiveCfg = Debug|Win32
		{FC67F6AC-3415-4774-991A-178E2762C05F}.Debug|x86.Build.0 = Debug|Win32
		{FC67F6AC-3415-4774-991A-178E2762C05F}.Release|Any CPU.ActiveCfg = Release|Win32
		{FC67F6AC-3415-4774-991A-178E2762C05F}.Release|x86.ActiveCfg = Release|Win32
		{FC67F6AC-3415-4774-991A-178E2762C05F}.Release|x86.Build.0 = Release|Win32
		{19102C42-80E5-4856-92BE-C28AFC3C96D0}.Debug|Any CPU.ActiveCfg = Debug|Win32
		{19102C42-80E5-4856-92BE-C28AFC3C96D0}.Debug|x86.ActiveCfg = Debug|Win32
		{19102C42-80E5-4856-92BE-C28AFC3C96D0}.Debug|x86.Build.0 = Debug|Win32
		{19102C42-80E5-4856-92BE-C28AFC3C96D0}.Release|Any CPU.ActiveCfg = Release|Win32
		{19102C42-80E5-4856-92BE-C28AFC3C96D0}.Release|x86.ActiveCfg = Release|Win32
		{19102C42-80E5-4856-92BE-C28AFC3C96D0}.Release|x86.Build.0 = Release|Win32
		{9C4AAA3A-A780-4C9D-BA42-12D98458A2C6}.Debug|Any CPU.ActiveCfg = Debug|Any CPU
		{9C4AAA3A-A780-4C9D-BA42-12D98458A2C6}.Debug|Any CPU.Build.0 = Debug|Any CPU
		{9C4AAA3A-A780-4C9D-BA42-12D98458A2C6}.Debug|x86.ActiveCfg = Debug|Any CPU
		{9C4AAA3A-A780-4C9D-BA42-12D98458A2C6}.Debug|x86.Build.0 = Debug|Any CPU
		{9C4AAA3A-A780-4C9D-BA42-12D98458A2C6}.Release|Any CPU.ActiveCfg = Release|Any CPU
		{9C4AAA3A-A780-4C9D-BA42-12D98458A2C6}.Release|Any CPU.Build.0 = Release|Any CPU
		{9C4AAA3A-A780-4C9D-BA42-12D98458A2C6}.Release|x86.ActiveCfg = Release|Any CPU
		{9C4AAA3A-A780-4C9D-BA42-12D98458A2C6}.Release|x86.Build.0 = Release|Any CPU
		{26419AC9-1924-474F-A3A4-9B6C500A4061}.Debug|Any CPU.ActiveCfg = Debug|Any CPU
		{26419AC9-1924-474F-A3A4-9B6C500A4061}.Debug|Any CPU.Build.0 = Debug|Any CPU
		{26419AC9-1924-474F-A3A4-9B6C500A4061}.Debug|x86.ActiveCfg = Debug|Any CPU
		{26419AC9-1924-474F-A3A4-9B6C500A4061}.Debug|x86.Build.0 = Debug|Any CPU
		{26419AC9-1924-474F-A3A4-9B6C500A4061}.Release|Any CPU.ActiveCfg = Release|Any CPU
		{26419AC9-1924-474F-A3A4-9B6C500A4061}.Release|Any CPU.Build.0 = Release|Any CPU
		{26419AC9-1924-474F-A3A4-9B6C500A4061}.Release|x86.ActiveCfg = Release|Any CPU
		{26419AC9-1924-474F-A3A4-9B6C500A4061}.Release|x86.Build.0 = Release|Any CPU
		{F43B762D-CBA5-486B-A6B7-81CF3C438C3F}.Debug|Any CPU.ActiveCfg = Debug|Any CPU
		{F43B762D-CBA5-486B-A6B7-81CF3C438C3F}.Debug|Any CPU.Build.0 = Debug|Any CPU
		{F43B762D-CBA5-486B-A6B7-81CF3C438C3F}.Debug|x86.ActiveCfg = Debug|Any CPU
		{F43B762D-CBA5-486B-A6B7-81CF3C438C3F}.Debug|x86.Build.0 = Debug|Any CPU
		{F43B762D-CBA5-486B-A6B7-81CF3C438C3F}.Release|Any CPU.ActiveCfg = Release|Any CPU
		{F43B762D-CBA5-486B-A6B7-81CF3C438C3F}.Release|Any CPU.Build.0 = Release|Any CPU
		{F43B762D-CBA5-486B-A6B7-81CF3C438C3F}.Release|x86.ActiveCfg = Release|Any CPU
		{F43B762D-CBA5-486B-A6B7-81CF3C438C3F}.Release|x86.Build.0 = Release|Any CPU
		{DD39DCFE-DB8B-44C8-945F-4DEE0C3D927B}.Debug|Any CPU.ActiveCfg = Debug|Any CPU
		{DD39DCFE-DB8B-44C8-945F-4DEE0C3D927B}.Debug|Any CPU.Build.0 = Debug|Any CPU
		{DD39DCFE-DB8B-44C8-945F-4DEE0C3D927B}.Debug|x86.ActiveCfg = Debug|Any CPU
		{DD39DCFE-DB8B-44C8-945F-4DEE0C3D927B}.Debug|x86.Build.0 = Debug|Any CPU
		{DD39DCFE-DB8B-44C8-945F-4DEE0C3D927B}.Release|Any CPU.ActiveCfg = Release|Any CPU
		{DD39DCFE-DB8B-44C8-945F-4DEE0C3D927B}.Release|Any CPU.Build.0 = Release|Any CPU
		{DD39DCFE-DB8B-44C8-945F-4DEE0C3D927B}.Release|x86.ActiveCfg = Release|Any CPU
		{DD39DCFE-DB8B-44C8-945F-4DEE0C3D927B}.Release|x86.Build.0 = Release|Any CPU
		{ACB96477-E19A-4E0F-896E-4DAFBB1EB029}.Debug|Any CPU.ActiveCfg = Debug|Any CPU
		{ACB96477-E19A-4E0F-896E-4DAFBB1EB029}.Debug|Any CPU.Build.0 = Debug|Any CPU
		{ACB96477-E19A-4E0F-896E-4DAFBB1EB029}.Debug|x86.ActiveCfg = Debug|Any CPU
		{ACB96477-E19A-4E0F-896E-4DAFBB1EB029}.Debug|x86.Build.0 = Debug|Any CPU
		{ACB96477-E19A-4E0F-896E-4DAFBB1EB029}.Release|Any CPU.ActiveCfg = Release|Any CPU
		{ACB96477-E19A-4E0F-896E-4DAFBB1EB029}.Release|Any CPU.Build.0 = Release|Any CPU
		{ACB96477-E19A-4E0F-896E-4DAFBB1EB029}.Release|x86.ActiveCfg = Release|Any CPU
		{ACB96477-E19A-4E0F-896E-4DAFBB1EB029}.Release|x86.Build.0 = Release|Any CPU
		{84E33351-7A62-4EF2-A2E4-85B1652A9645}.Debug|Any CPU.ActiveCfg = Debug|Any CPU
		{84E33351-7A62-4EF2-A2E4-85B1652A9645}.Debug|Any CPU.Build.0 = Debug|Any CPU
		{84E33351-7A62-4EF2-A2E4-85B1652A9645}.Debug|x86.ActiveCfg = Debug|Any CPU
		{84E33351-7A62-4EF2-A2E4-85B1652A9645}.Debug|x86.Build.0 = Debug|Any CPU
		{84E33351-7A62-4EF2-A2E4-85B1652A9645}.Release|Any CPU.ActiveCfg = Release|Any CPU
		{84E33351-7A62-4EF2-A2E4-85B1652A9645}.Release|Any CPU.Build.0 = Release|Any CPU
		{84E33351-7A62-4EF2-A2E4-85B1652A9645}.Release|x86.ActiveCfg = Release|Any CPU
		{84E33351-7A62-4EF2-A2E4-85B1652A9645}.Release|x86.Build.0 = Release|Any CPU
		{BF7977D4-C7BA-4482-BEC5-8B705B1FA0CA}.Debug|Any CPU.ActiveCfg = Debug|Any CPU
		{BF7977D4-C7BA-4482-BEC5-8B705B1FA0CA}.Debug|Any CPU.Build.0 = Debug|Any CPU
		{BF7977D4-C7BA-4482-BEC5-8B705B1FA0CA}.Debug|x86.ActiveCfg = Debug|Any CPU
		{BF7977D4-C7BA-4482-BEC5-8B705B1FA0CA}.Debug|x86.Build.0 = Debug|Any CPU
		{BF7977D4-C7BA-4482-BEC5-8B705B1FA0CA}.Release|Any CPU.ActiveCfg = Release|Any CPU
		{BF7977D4-C7BA-4482-BEC5-8B705B1FA0CA}.Release|Any CPU.Build.0 = Release|Any CPU
		{BF7977D4-C7BA-4482-BEC5-8B705B1FA0CA}.Release|x86.ActiveCfg = Release|Any CPU
		{BF7977D4-C7BA-4482-BEC5-8B705B1FA0CA}.Release|x86.Build.0 = Release|Any CPU
		{3F03D790-9CC4-447F-8674-7609FFE1CE6E}.Debug|Any CPU.ActiveCfg = Debug|Any CPU
		{3F03D790-9CC4-447F-8674-7609FFE1CE6E}.Debug|Any CPU.Build.0 = Debug|Any CPU
		{3F03D790-9CC4-447F-8674-7609FFE1CE6E}.Debug|x86.ActiveCfg = Debug|Any CPU
		{3F03D790-9CC4-447F-8674-7609FFE1CE6E}.Debug|x86.Build.0 = Debug|Any CPU
		{3F03D790-9CC4-447F-8674-7609FFE1CE6E}.Release|Any CPU.ActiveCfg = Release|Any CPU
		{3F03D790-9CC4-447F-8674-7609FFE1CE6E}.Release|Any CPU.Build.0 = Release|Any CPU
		{3F03D790-9CC4-447F-8674-7609FFE1CE6E}.Release|x86.ActiveCfg = Release|Any CPU
		{3F03D790-9CC4-447F-8674-7609FFE1CE6E}.Release|x86.Build.0 = Release|Any CPU
		{4DBE2C76-ADC3-4613-BD59-F16117AC02EB}.Debug|Any CPU.ActiveCfg = Debug|Any CPU
		{4DBE2C76-ADC3-4613-BD59-F16117AC02EB}.Debug|Any CPU.Build.0 = Debug|Any CPU
		{4DBE2C76-ADC3-4613-BD59-F16117AC02EB}.Debug|x86.ActiveCfg = Debug|Any CPU
		{4DBE2C76-ADC3-4613-BD59-F16117AC02EB}.Debug|x86.Build.0 = Debug|Any CPU
		{4DBE2C76-ADC3-4613-BD59-F16117AC02EB}.Release|Any CPU.ActiveCfg = Release|Any CPU
		{4DBE2C76-ADC3-4613-BD59-F16117AC02EB}.Release|Any CPU.Build.0 = Release|Any CPU
		{4DBE2C76-ADC3-4613-BD59-F16117AC02EB}.Release|x86.ActiveCfg = Release|Any CPU
		{4DBE2C76-ADC3-4613-BD59-F16117AC02EB}.Release|x86.Build.0 = Release|Any CPU
		{5ADD3C29-9020-4DA0-BB77-1E38BA04D2C3}.Debug|Any CPU.ActiveCfg = Debug|Any CPU
		{5ADD3C29-9020-4DA0-BB77-1E38BA04D2C3}.Debug|Any CPU.Build.0 = Debug|Any CPU
		{5ADD3C29-9020-4DA0-BB77-1E38BA04D2C3}.Debug|x86.ActiveCfg = Debug|Any CPU
		{5ADD3C29-9020-4DA0-BB77-1E38BA04D2C3}.Debug|x86.Build.0 = Debug|Any CPU
		{5ADD3C29-9020-4DA0-BB77-1E38BA04D2C3}.Release|Any CPU.ActiveCfg = Release|Any CPU
		{5ADD3C29-9020-4DA0-BB77-1E38BA04D2C3}.Release|Any CPU.Build.0 = Release|Any CPU
		{5ADD3C29-9020-4DA0-BB77-1E38BA04D2C3}.Release|x86.ActiveCfg = Release|Any CPU
		{5ADD3C29-9020-4DA0-BB77-1E38BA04D2C3}.Release|x86.Build.0 = Release|Any CPU
		{070AD884-AED9-4124-8602-01FFB96B0787}.Debug|Any CPU.ActiveCfg = Debug|Any CPU
		{070AD884-AED9-4124-8602-01FFB96B0787}.Debug|Any CPU.Build.0 = Debug|Any CPU
		{070AD884-AED9-4124-8602-01FFB96B0787}.Debug|x86.ActiveCfg = Debug|Any CPU
		{070AD884-AED9-4124-8602-01FFB96B0787}.Debug|x86.Build.0 = Debug|Any CPU
		{070AD884-AED9-4124-8602-01FFB96B0787}.Release|Any CPU.ActiveCfg = Release|Any CPU
		{070AD884-AED9-4124-8602-01FFB96B0787}.Release|Any CPU.Build.0 = Release|Any CPU
		{070AD884-AED9-4124-8602-01FFB96B0787}.Release|x86.ActiveCfg = Release|Any CPU
		{070AD884-AED9-4124-8602-01FFB96B0787}.Release|x86.Build.0 = Release|Any CPU
		{B24BDD54-0EDB-4027-857B-A929BB3B7794}.Debug|Any CPU.ActiveCfg = Debug|Any CPU
		{B24BDD54-0EDB-4027-857B-A929BB3B7794}.Debug|Any CPU.Build.0 = Debug|Any CPU
		{B24BDD54-0EDB-4027-857B-A929BB3B7794}.Debug|x86.ActiveCfg = Debug|Any CPU
		{B24BDD54-0EDB-4027-857B-A929BB3B7794}.Debug|x86.Build.0 = Debug|Any CPU
		{B24BDD54-0EDB-4027-857B-A929BB3B7794}.Release|Any CPU.ActiveCfg = Release|Any CPU
		{B24BDD54-0EDB-4027-857B-A929BB3B7794}.Release|Any CPU.Build.0 = Release|Any CPU
		{B24BDD54-0EDB-4027-857B-A929BB3B7794}.Release|x86.ActiveCfg = Release|Any CPU
		{B24BDD54-0EDB-4027-857B-A929BB3B7794}.Release|x86.Build.0 = Release|Any CPU
		{A422F2A1-0D70-4A05-BCAB-911420EB6285}.Debug|Any CPU.ActiveCfg = Debug|Any CPU
		{A422F2A1-0D70-4A05-BCAB-911420EB6285}.Debug|Any CPU.Build.0 = Debug|Any CPU
		{A422F2A1-0D70-4A05-BCAB-911420EB6285}.Debug|x86.ActiveCfg = Debug|Any CPU
		{A422F2A1-0D70-4A05-BCAB-911420EB6285}.Debug|x86.Build.0 = Debug|Any CPU
		{A422F2A1-0D70-4A05-BCAB-911420EB6285}.Release|Any CPU.ActiveCfg = Release|Any CPU
		{A422F2A1-0D70-4A05-BCAB-911420EB6285}.Release|Any CPU.Build.0 = Release|Any CPU
		{A422F2A1-0D70-4A05-BCAB-911420EB6285}.Release|x86.ActiveCfg = Release|Any CPU
		{A422F2A1-0D70-4A05-BCAB-911420EB6285}.Release|x86.Build.0 = Release|Any CPU
	EndGlobalSection
	GlobalSection(SolutionProperties) = preSolution
		HideSolutionNode = FALSE
	EndGlobalSection
	GlobalSection(NestedProjects) = preSolution
		{9C4AAA3A-A780-4C9D-BA42-12D98458A2C6} = {E8C92852-B380-457C-80FC-4ED32E953492}
		{26419AC9-1924-474F-A3A4-9B6C500A4061} = {E8C92852-B380-457C-80FC-4ED32E953492}
		{F43B762D-CBA5-486B-A6B7-81CF3C438C3F} = {E8C92852-B380-457C-80FC-4ED32E953492}
		{DD39DCFE-DB8B-44C8-945F-4DEE0C3D927B} = {E8C92852-B380-457C-80FC-4ED32E953492}
		{ACB96477-E19A-4E0F-896E-4DAFBB1EB029} = {E8C92852-B380-457C-80FC-4ED32E953492}
		{84E33351-7A62-4EF2-A2E4-85B1652A9645} = {E8C92852-B380-457C-80FC-4ED32E953492}
		{BF7977D4-C7BA-4482-BEC5-8B705B1FA0CA} = {E8C92852-B380-457C-80FC-4ED32E953492}
		{3F03D790-9CC4-447F-8674-7609FFE1CE6E} = {E8C92852-B380-457C-80FC-4ED32E953492}
		{4DBE2C76-ADC3-4613-BD59-F16117AC02EB} = {E8C92852-B380-457C-80FC-4ED32E953492}
		{5ADD3C29-9020-4DA0-BB77-1E38BA04D2C3} = {E8C92852-B380-457C-80FC-4ED32E953492}
		{070AD884-AED9-4124-8602-01FFB96B0787} = {E8C92852-B380-457C-80FC-4ED32E953492}
		{B24BDD54-0EDB-4027-857B-A929BB3B7794} = {E8C92852-B380-457C-80FC-4ED32E953492}
		{A422F2A1-0D70-4A05-BCAB-911420EB6285} = {E8C92852-B380-457C-80FC-4ED32E953492}
	EndGlobalSection
	GlobalSection(ExtensibilityGlobals) = postSolution
		SolutionGuid = {D34E0649-20BD-44E3-868F-4E2770FBED34}
	EndGlobalSection

EndGlobal
