
Microsoft Visual Studio Solution File, Format Version 12.00
# Visual Studio 15
VisualStudioVersion = 15.0.28010.2036
MinimumVisualStudioVersion = 10.0.40219.1
Project("{8BC9CEB8-8B4A-11D0-8D11-00A0C91BC942}") = "Listing_2_2", "Listing_2_2\Listing_2_2.vcxproj", "{B52195DA-1E93-4ECA-BFF1-E0A05F6B03E5}"
EndProject
Project("{2150E333-8FDC-42A3-9474-1A3956D46DE8}") = "CS", "CS", "{FE6874E6-175A-47EE-9027-BF3E321DF703}"
EndProject
Project("{8BC9CEB8-8B4A-11D0-8D11-00A0C91BC942}") = "Listing_2_1", "Listing_2_1\Listing_2_1.vcxproj", "{E8D690D1-0867-4074-8F9F-CD0E772CED56}"
EndProject
Project("{FAE04EC0-301F-11D3-BF4B-00C04F79EFBC}") = "Listing_2_1", "CS\Listing_2_1\Listing_2_1.csproj", "{9C4AAA3A-A780-4C9D-BA42-12D98458A2C6}"
EndProject
Project("{FAE04EC0-301F-11D3-BF4B-00C04F79EFBC}") = "Listing_2_2", "CS\Listing_2_2\Listing_2_2.csproj", "{1AC52EB6-B5AB-4F35-8B33-75CE57A806A9}"
EndProject
Project("{8BC9CEB8-8B4A-11D0-8D11-00A0C91BC942}") = "Listing_2_3", "Listing_2_3\Listing_2_3.vcxproj", "{B4F647C4-B2F2-436B-890E-678DE42F4360}"
EndProject
Project("{FAE04EC0-301F-11D3-BF4B-00C04F79EFBC}") = "Listing_2_4", "CS\Listing_2_4\Listing_2_4.csproj", "{3C64B8F1-F03A-4844-952E-E4026A7F69A9}"
EndProject
Project("{8BC9CEB8-8B4A-11D0-8D11-00A0C91BC942}") = "Listing_2_6", "Listing_2_6\Listing_2_6.vcxproj", "{359B03DC-75E2-40B5-95EB-A9CACBFB5085}"
EndProject
Project("{FAE04EC0-301F-11D3-BF4B-00C04F79EFBC}") = "Listing_2_7", "CS\Listing_2_7\Listing_2_7.csproj", "{BD84623C-DCF4-4272-BBC3-8FFF90474011}"
EndProject
Project("{8BC9CEB8-8B4A-11D0-8D11-00A0C91BC942}") = "Listing_2_8", "Listing_2_8\Listing_2_8.vcxproj", "{47E6B4EB-3AE7-4990-B707-68C5E2230236}"
EndProject
Project("{FAE04EC0-301F-11D3-BF4B-00C04F79EFBC}") = "Listing_2_9", "CS\Listing_2_9\Listing_2_9.csproj", "{C635A281-7F3C-4764-B14C-20E6CF7EEE89}"
EndProject
Project("{8BC9CEB8-8B4A-11D0-8D11-00A0C91BC942}") = "Listing_2_11", "Listing_2_11\Listing_2_11.vcxproj", "{A152DF17-40A4-4020-9F50-78F9BD295F9B}"
EndProject
Project("{FAE04EC0-301F-11D3-BF4B-00C04F79EFBC}") = "Listing_2_13", "CS\Listing_2_13\Listing_2_13.csproj", "{19CB6AAB-3B32-4AC6-A929-C5B19C0C3230}"
EndProject
Project("{8BC9CEB8-8B4A-11D0-8D11-00A0C91BC942}") = "Listing_2_15", "Listing_2_15\Listing_2_15.vcxproj", "{BB5398E3-7A2C-426E-B6FF-450B1071EA57}"
EndProject
Project("{FAE04EC0-301F-11D3-BF4B-00C04F79EFBC}") = "Listing_2_16", "CS\Listing_2_16\Listing_2_16.csproj", "{B62037C8-4B9D-4812-9D91-11C9790EC252}"
EndProject
Project("{FAE04EC0-301F-11D3-BF4B-00C04F79EFBC}") = "Listing_2_18", "CS\Listing_2_18\Listing_2_18.csproj", "{5EDEEC07-8601-4AA6-8FBF-D030B945BB66}"
EndProject
Project("{8BC9CEB8-8B4A-11D0-8D11-00A0C91BC942}") = "Listing_2_17", "Listing_2_17\Listing_2_17.vcxproj", "{4020C33C-D154-4C7E-858B-B909F2EC4D5B}"
EndProject
Project("{8BC9CEB8-8B4A-11D0-8D11-00A0C91BC942}") = "Listing_2_19", "Listing_2_19\Listing_2_19.vcxproj", "{2FE72811-3713-47D0-A093-1E60D6C1283B}"
EndProject
Project("{FAE04EC0-301F-11D3-BF4B-00C04F79EFBC}") = "Listing_2_21", "CS\Listing_2_21\Listing_2_21.csproj", "{6D4C878C-8D1C-4280-A91C-1E0F5749E762}"
EndProject
Project("{8BC9CEB8-8B4A-11D0-8D11-00A0C91BC942}") = "Listing_2_23", "Listing_2_23\Listing_2_23.vcxproj", "{D5CEC298-560C-4FAF-9D46-EC1DA88F7CAF}"
EndProject
Project("{FAE04EC0-301F-11D3-BF4B-00C04F79EFBC}") = "Listing_2_25", "CS\Listing_2_25\Listing_2_25.csproj", "{B76CABB1-BE2C-40B9-8B68-CC6006BFC0CD}"
EndProject
Project("{8BC9CEB8-8B4A-11D0-8D11-00A0C91BC942}") = "Listing_2_27", "Listing_2_27\Listing_2_27.vcxproj", "{7A2F8462-529E-4AB7-8DE8-FEB06BF83714}"
EndProject
Project("{8BC9CEB8-8B4A-11D0-8D11-00A0C91BC942}") = "Listing_2_30", "Listing_2_30\Listing_2_30.vcxproj", "{BE4D134E-6C96-46D2-AF1D-F6B99B54C7F2}"
EndProject
Global
	GlobalSection(SolutionConfigurationPlatforms) = preSolution
		Debug|Any CPU = Debug|Any CPU
		Debug|x86 = Debug|x86
		Release|Any CPU = Release|Any CPU
		Release|x86 = Release|x86
	EndGlobalSection
	GlobalSection(ProjectConfigurationPlatforms) = postSolution
		{B52195DA-1E93-4ECA-BFF1-E0A05F6B03E5}.Debug|Any CPU.ActiveCfg = Debug|Win32
		{B52195DA-1E93-4ECA-BFF1-E0A05F6B03E5}.Debug|Any CPU.Build.0 = Debug|Win32
		{B52195DA-1E93-4ECA-BFF1-E0A05F6B03E5}.Debug|x86.ActiveCfg = Debug|Win32
		{B52195DA-1E93-4ECA-BFF1-E0A05F6B03E5}.Debug|x86.Build.0 = Debug|Win32
		{B52195DA-1E93-4ECA-BFF1-E0A05F6B03E5}.Release|Any CPU.ActiveCfg = Release|Win32
		{B52195DA-1E93-4ECA-BFF1-E0A05F6B03E5}.Release|x86.ActiveCfg = Release|Win32
		{B52195DA-1E93-4ECA-BFF1-E0A05F6B03E5}.Release|x86.Build.0 = Release|Win32
		{E8D690D1-0867-4074-8F9F-CD0E772CED56}.Debug|Any CPU.ActiveCfg = Debug|Win32
		{E8D690D1-0867-4074-8F9F-CD0E772CED56}.Debug|Any CPU.Build.0 = Debug|Win32
		{E8D690D1-0867-4074-8F9F-CD0E772CED56}.Debug|x86.ActiveCfg = Debug|Win32
		{E8D690D1-0867-4074-8F9F-CD0E772CED56}.Debug|x86.Build.0 = Debug|Win32
		{E8D690D1-0867-4074-8F9F-CD0E772CED56}.Release|Any CPU.ActiveCfg = Release|Win32
		{E8D690D1-0867-4074-8F9F-CD0E772CED56}.Release|x86.ActiveCfg = Release|Win32
		{E8D690D1-0867-4074-8F9F-CD0E772CED56}.Release|x86.Build.0 = Release|Win32
		{9C4AAA3A-A780-4C9D-BA42-12D98458A2C6}.Debug|Any CPU.ActiveCfg = Debug|Any CPU
		{9C4AAA3A-A780-4C9D-BA42-12D98458A2C6}.Debug|Any CPU.Build.0 = Debug|Any CPU
		{9C4AAA3A-A780-4C9D-BA42-12D98458A2C6}.Debug|x86.ActiveCfg = Debug|Any CPU
		{9C4AAA3A-A780-4C9D-BA42-12D98458A2C6}.Debug|x86.Build.0 = Debug|Any CPU
		{9C4AAA3A-A780-4C9D-BA42-12D98458A2C6}.Release|Any CPU.ActiveCfg = Release|Any CPU
		{9C4AAA3A-A780-4C9D-BA42-12D98458A2C6}.Release|Any CPU.Build.0 = Release|Any CPU
		{9C4AAA3A-A780-4C9D-BA42-12D98458A2C6}.Release|x86.ActiveCfg = Release|Any CPU
		{9C4AAA3A-A780-4C9D-BA42-12D98458A2C6}.Release|x86.Build.0 = Release|Any CPU
		{1AC52EB6-B5AB-4F35-8B33-75CE57A806A9}.Debug|Any CPU.ActiveCfg = Debug|Any CPU
		{1AC52EB6-B5AB-4F35-8B33-75CE57A806A9}.Debug|Any CPU.Build.0 = Debug|Any CPU
		{1AC52EB6-B5AB-4F35-8B33-75CE57A806A9}.Debug|x86.ActiveCfg = Debug|Any CPU
		{1AC52EB6-B5AB-4F35-8B33-75CE57A806A9}.Debug|x86.Build.0 = Debug|Any CPU
		{1AC52EB6-B5AB-4F35-8B33-75CE57A806A9}.Release|Any CPU.ActiveCfg = Release|Any CPU
		{1AC52EB6-B5AB-4F35-8B33-75CE57A806A9}.Release|Any CPU.Build.0 = Release|Any CPU
		{1AC52EB6-B5AB-4F35-8B33-75CE57A806A9}.Release|x86.ActiveCfg = Release|Any CPU
		{1AC52EB6-B5AB-4F35-8B33-75CE57A806A9}.Release|x86.Build.0 = Release|Any CPU
		{B4F647C4-B2F2-436B-890E-678DE42F4360}.Debug|Any CPU.ActiveCfg = Debug|Win32
		{B4F647C4-B2F2-436B-890E-678DE42F4360}.Debug|Any CPU.Build.0 = Debug|Win32
		{B4F647C4-B2F2-436B-890E-678DE42F4360}.Debug|x86.ActiveCfg = Debug|Win32
		{B4F647C4-B2F2-436B-890E-678DE42F4360}.Debug|x86.Build.0 = Debug|Win32
		{B4F647C4-B2F2-436B-890E-678DE42F4360}.Release|Any CPU.ActiveCfg = Release|Win32
		{B4F647C4-B2F2-436B-890E-678DE42F4360}.Release|x86.ActiveCfg = Release|Win32
		{B4F647C4-B2F2-436B-890E-678DE42F4360}.Release|x86.Build.0 = Release|Win32
		{3C64B8F1-F03A-4844-952E-E4026A7F69A9}.Debug|Any CPU.ActiveCfg = Debug|Any CPU
		{3C64B8F1-F03A-4844-952E-E4026A7F69A9}.Debug|Any CPU.Build.0 = Debug|Any CPU
		{3C64B8F1-F03A-4844-952E-E4026A7F69A9}.Debug|x86.ActiveCfg = Debug|Any CPU
		{3C64B8F1-F03A-4844-952E-E4026A7F69A9}.Debug|x86.Build.0 = Debug|Any CPU
		{3C64B8F1-F03A-4844-952E-E4026A7F69A9}.Release|Any CPU.ActiveCfg = Release|Any CPU
		{3C64B8F1-F03A-4844-952E-E4026A7F69A9}.Release|Any CPU.Build.0 = Release|Any CPU
		{3C64B8F1-F03A-4844-952E-E4026A7F69A9}.Release|x86.ActiveCfg = Release|Any CPU
		{3C64B8F1-F03A-4844-952E-E4026A7F69A9}.Release|x86.Build.0 = Release|Any CPU
		{359B03DC-75E2-40B5-95EB-A9CACBFB5085}.Debug|Any CPU.ActiveCfg = Debug|Win32
		{359B03DC-75E2-40B5-95EB-A9CACBFB5085}.Debug|Any CPU.Build.0 = Debug|Win32
		{359B03DC-75E2-40B5-95EB-A9CACBFB5085}.Debug|x86.ActiveCfg = Debug|Win32
		{359B03DC-75E2-40B5-95EB-A9CACBFB5085}.Debug|x86.Build.0 = Debug|Win32
		{359B03DC-75E2-40B5-95EB-A9CACBFB5085}.Release|Any CPU.ActiveCfg = Release|Win32
		{359B03DC-75E2-40B5-95EB-A9CACBFB5085}.Release|x86.ActiveCfg = Release|Win32
		{359B03DC-75E2-40B5-95EB-A9CACBFB5085}.Release|x86.Build.0 = Release|Win32
		{BD84623C-DCF4-4272-BBC3-8FFF90474011}.Debug|Any CPU.ActiveCfg = Debug|Any CPU
		{BD84623C-DCF4-4272-BBC3-8FFF90474011}.Debug|Any CPU.Build.0 = Debug|Any CPU
		{BD84623C-DCF4-4272-BBC3-8FFF90474011}.Debug|x86.ActiveCfg = Debug|Any CPU
		{BD84623C-DCF4-4272-BBC3-8FFF90474011}.Debug|x86.Build.0 = Debug|Any CPU
		{BD84623C-DCF4-4272-BBC3-8FFF90474011}.Release|Any CPU.ActiveCfg = Release|Any CPU
		{BD84623C-DCF4-4272-BBC3-8FFF90474011}.Release|Any CPU.Build.0 = Release|Any CPU
		{BD84623C-DCF4-4272-BBC3-8FFF90474011}.Release|x86.ActiveCfg = Release|Any CPU
		{BD84623C-DCF4-4272-BBC3-8FFF90474011}.Release|x86.Build.0 = Release|Any CPU
		{47E6B4EB-3AE7-4990-B707-68C5E2230236}.Debug|Any CPU.ActiveCfg = Debug|Win32
		{47E6B4EB-3AE7-4990-B707-68C5E2230236}.Debug|Any CPU.Build.0 = Debug|Win32
		{47E6B4EB-3AE7-4990-B707-68C5E2230236}.Debug|x86.ActiveCfg = Debug|Win32
		{47E6B4EB-3AE7-4990-B707-68C5E2230236}.Debug|x86.Build.0 = Debug|Win32
		{47E6B4EB-3AE7-4990-B707-68C5E2230236}.Release|Any CPU.ActiveCfg = Release|Win32
		{47E6B4EB-3AE7-4990-B707-68C5E2230236}.Release|x86.ActiveCfg = Release|Win32
		{47E6B4EB-3AE7-4990-B707-68C5E2230236}.Release|x86.Build.0 = Release|Win32
		{C635A281-7F3C-4764-B14C-20E6CF7EEE89}.Debug|Any CPU.ActiveCfg = Debug|Any CPU
		{C635A281-7F3C-4764-B14C-20E6CF7EEE89}.Debug|Any CPU.Build.0 = Debug|Any CPU
		{C635A281-7F3C-4764-B14C-20E6CF7EEE89}.Debug|x86.ActiveCfg = Debug|Any CPU
		{C635A281-7F3C-4764-B14C-20E6CF7EEE89}.Debug|x86.Build.0 = Debug|Any CPU
		{C635A281-7F3C-4764-B14C-20E6CF7EEE89}.Release|Any CPU.ActiveCfg = Release|Any CPU
		{C635A281-7F3C-4764-B14C-20E6CF7EEE89}.Release|Any CPU.Build.0 = Release|Any CPU
		{C635A281-7F3C-4764-B14C-20E6CF7EEE89}.Release|x86.ActiveCfg = Release|Any CPU
		{C635A281-7F3C-4764-B14C-20E6CF7EEE89}.Release|x86.Build.0 = Release|Any CPU
		{A152DF17-40A4-4020-9F50-78F9BD295F9B}.Debug|Any CPU.ActiveCfg = Debug|Win32
		{A152DF17-40A4-4020-9F50-78F9BD295F9B}.Debug|Any CPU.Build.0 = Debug|Win32
		{A152DF17-40A4-4020-9F50-78F9BD295F9B}.Debug|x86.ActiveCfg = Debug|Win32
		{A152DF17-40A4-4020-9F50-78F9BD295F9B}.Debug|x86.Build.0 = Debug|Win32
		{A152DF17-40A4-4020-9F50-78F9BD295F9B}.Release|Any CPU.ActiveCfg = Release|Win32
		{A152DF17-40A4-4020-9F50-78F9BD295F9B}.Release|x86.ActiveCfg = Release|Win32
		{A152DF17-40A4-4020-9F50-78F9BD295F9B}.Release|x86.Build.0 = Release|Win32
		{19CB6AAB-3B32-4AC6-A929-C5B19C0C3230}.Debug|Any CPU.ActiveCfg = Debug|Any CPU
		{19CB6AAB-3B32-4AC6-A929-C5B19C0C3230}.Debug|Any CPU.Build.0 = Debug|Any CPU
		{19CB6AAB-3B32-4AC6-A929-C5B19C0C3230}.Debug|x86.ActiveCfg = Debug|Any CPU
		{19CB6AAB-3B32-4AC6-A929-C5B19C0C3230}.Debug|x86.Build.0 = Debug|Any CPU
		{19CB6AAB-3B32-4AC6-A929-C5B19C0C3230}.Release|Any CPU.ActiveCfg = Release|Any CPU
		{19CB6AAB-3B32-4AC6-A929-C5B19C0C3230}.Release|Any CPU.Build.0 = Release|Any CPU
		{19CB6AAB-3B32-4AC6-A929-C5B19C0C3230}.Release|x86.ActiveCfg = Release|Any CPU
		{19CB6AAB-3B32-4AC6-A929-C5B19C0C3230}.Release|x86.Build.0 = Release|Any CPU
		{BB5398E3-7A2C-426E-B6FF-450B1071EA57}.Debug|Any CPU.ActiveCfg = Debug|Win32
		{BB5398E3-7A2C-426E-B6FF-450B1071EA57}.Debug|Any CPU.Build.0 = Debug|Win32
		{BB5398E3-7A2C-426E-B6FF-450B1071EA57}.Debug|x86.ActiveCfg = Debug|Win32
		{BB5398E3-7A2C-426E-B6FF-450B1071EA57}.Debug|x86.Build.0 = Debug|Win32
		{BB5398E3-7A2C-426E-B6FF-450B1071EA57}.Release|Any CPU.ActiveCfg = Release|Win32
		{BB5398E3-7A2C-426E-B6FF-450B1071EA57}.Release|x86.ActiveCfg = Release|Win32
		{BB5398E3-7A2C-426E-B6FF-450B1071EA57}.Release|x86.Build.0 = Release|Win32
		{B62037C8-4B9D-4812-9D91-11C9790EC252}.Debug|Any CPU.ActiveCfg = Debug|Any CPU
		{B62037C8-4B9D-4812-9D91-11C9790EC252}.Debug|Any CPU.Build.0 = Debug|Any CPU
		{B62037C8-4B9D-4812-9D91-11C9790EC252}.Debug|x86.ActiveCfg = Debug|Any CPU
		{B62037C8-4B9D-4812-9D91-11C9790EC252}.Debug|x86.Build.0 = Debug|Any CPU
		{B62037C8-4B9D-4812-9D91-11C9790EC252}.Release|Any CPU.ActiveCfg = Release|Any CPU
		{B62037C8-4B9D-4812-9D91-11C9790EC252}.Release|Any CPU.Build.0 = Release|Any CPU
		{B62037C8-4B9D-4812-9D91-11C9790EC252}.Release|x86.ActiveCfg = Release|Any CPU
		{B62037C8-4B9D-4812-9D91-11C9790EC252}.Release|x86.Build.0 = Release|Any CPU
		{5EDEEC07-8601-4AA6-8FBF-D030B945BB66}.Debug|Any CPU.ActiveCfg = Debug|Any CPU
		{5EDEEC07-8601-4AA6-8FBF-D030B945BB66}.Debug|Any CPU.Build.0 = Debug|Any CPU
		{5EDEEC07-8601-4AA6-8FBF-D030B945BB66}.Debug|x86.ActiveCfg = Debug|Any CPU
		{5EDEEC07-8601-4AA6-8FBF-D030B945BB66}.Debug|x86.Build.0 = Debug|Any CPU
		{5EDEEC07-8601-4AA6-8FBF-D030B945BB66}.Release|Any CPU.ActiveCfg = Release|Any CPU
		{5EDEEC07-8601-4AA6-8FBF-D030B945BB66}.Release|Any CPU.Build.0 = Release|Any CPU
		{5EDEEC07-8601-4AA6-8FBF-D030B945BB66}.Release|x86.ActiveCfg = Release|Any CPU
		{5EDEEC07-8601-4AA6-8FBF-D030B945BB66}.Release|x86.Build.0 = Release|Any CPU
		{4020C33C-D154-4C7E-858B-B909F2EC4D5B}.Debug|Any CPU.ActiveCfg = Debug|Win32
		{4020C33C-D154-4C7E-858B-B909F2EC4D5B}.Debug|Any CPU.Build.0 = Debug|Win32
		{4020C33C-D154-4C7E-858B-B909F2EC4D5B}.Debug|x86.ActiveCfg = Debug|Win32
		{4020C33C-D154-4C7E-858B-B909F2EC4D5B}.Debug|x86.Build.0 = Debug|Win32
		{4020C33C-D154-4C7E-858B-B909F2EC4D5B}.Release|Any CPU.ActiveCfg = Release|Win32
		{4020C33C-D154-4C7E-858B-B909F2EC4D5B}.Release|x86.ActiveCfg = Release|Win32
		{4020C33C-D154-4C7E-858B-B909F2EC4D5B}.Release|x86.Build.0 = Release|Win32
		{2FE72811-3713-47D0-A093-1E60D6C1283B}.Debug|Any CPU.ActiveCfg = Debug|Win32
		{2FE72811-3713-47D0-A093-1E60D6C1283B}.Debug|Any CPU.Build.0 = Debug|Win32
		{2FE72811-3713-47D0-A093-1E60D6C1283B}.Debug|x86.ActiveCfg = Debug|Win32
		{2FE72811-3713-47D0-A093-1E60D6C1283B}.Debug|x86.Build.0 = Debug|Win32
		{2FE72811-3713-47D0-A093-1E60D6C1283B}.Release|Any CPU.ActiveCfg = Release|Win32
		{2FE72811-3713-47D0-A093-1E60D6C1283B}.Release|x86.ActiveCfg = Release|Win32
		{2FE72811-3713-47D0-A093-1E60D6C1283B}.Release|x86.Build.0 = Release|Win32
		{6D4C878C-8D1C-4280-A91C-1E0F5749E762}.Debug|Any CPU.ActiveCfg = Debug|Any CPU
		{6D4C878C-8D1C-4280-A91C-1E0F5749E762}.Debug|Any CPU.Build.0 = Debug|Any CPU
		{6D4C878C-8D1C-4280-A91C-1E0F5749E762}.Debug|x86.ActiveCfg = Debug|Any CPU
		{6D4C878C-8D1C-4280-A91C-1E0F5749E762}.Debug|x86.Build.0 = Debug|Any CPU
		{6D4C878C-8D1C-4280-A91C-1E0F5749E762}.Release|Any CPU.ActiveCfg = Release|Any CPU
		{6D4C878C-8D1C-4280-A91C-1E0F5749E762}.Release|Any CPU.Build.0 = Release|Any CPU
		{6D4C878C-8D1C-4280-A91C-1E0F5749E762}.Release|x86.ActiveCfg = Release|Any CPU
		{6D4C878C-8D1C-4280-A91C-1E0F5749E762}.Release|x86.Build.0 = Release|Any CPU
		{D5CEC298-560C-4FAF-9D46-EC1DA88F7CAF}.Debug|Any CPU.ActiveCfg = Debug|Win32
		{D5CEC298-560C-4FAF-9D46-EC1DA88F7CAF}.Debug|Any CPU.Build.0 = Debug|Win32
		{D5CEC298-560C-4FAF-9D46-EC1DA88F7CAF}.Debug|x86.ActiveCfg = Debug|Win32
		{D5CEC298-560C-4FAF-9D46-EC1DA88F7CAF}.Debug|x86.Build.0 = Debug|Win32
		{D5CEC298-560C-4FAF-9D46-EC1DA88F7CAF}.Release|Any CPU.ActiveCfg = Release|Win32
		{D5CEC298-560C-4FAF-9D46-EC1DA88F7CAF}.Release|x86.ActiveCfg = Release|Win32
		{D5CEC298-560C-4FAF-9D46-EC1DA88F7CAF}.Release|x86.Build.0 = Release|Win32
		{B76CABB1-BE2C-40B9-8B68-CC6006BFC0CD}.Debug|Any CPU.ActiveCfg = Debug|Any CPU
		{B76CABB1-BE2C-40B9-8B68-CC6006BFC0CD}.Debug|Any CPU.Build.0 = Debug|Any CPU
		{B76CABB1-BE2C-40B9-8B68-CC6006BFC0CD}.Debug|x86.ActiveCfg = Debug|Any CPU
		{B76CABB1-BE2C-40B9-8B68-CC6006BFC0CD}.Debug|x86.Build.0 = Debug|Any CPU
		{B76CABB1-BE2C-40B9-8B68-CC6006BFC0CD}.Release|Any CPU.ActiveCfg = Release|Any CPU
		{B76CABB1-BE2C-40B9-8B68-CC6006BFC0CD}.Release|Any CPU.Build.0 = Release|Any CPU
		{B76CABB1-BE2C-40B9-8B68-CC6006BFC0CD}.Release|x86.ActiveCfg = Release|Any CPU
		{B76CABB1-BE2C-40B9-8B68-CC6006BFC0CD}.Release|x86.Build.0 = Release|Any CPU
		{7A2F8462-529E-4AB7-8DE8-FEB06BF83714}.Debug|Any CPU.ActiveCfg = Debug|Win32
		{7A2F8462-529E-4AB7-8DE8-FEB06BF83714}.Debug|Any CPU.Build.0 = Debug|Win32
		{7A2F8462-529E-4AB7-8DE8-FEB06BF83714}.Debug|x86.ActiveCfg = Debug|Win32
		{7A2F8462-529E-4AB7-8DE8-FEB06BF83714}.Debug|x86.Build.0 = Debug|Win32
		{7A2F8462-529E-4AB7-8DE8-FEB06BF83714}.Release|Any CPU.ActiveCfg = Release|Win32
		{7A2F8462-529E-4AB7-8DE8-FEB06BF83714}.Release|x86.ActiveCfg = Release|Win32
		{7A2F8462-529E-4AB7-8DE8-FEB06BF83714}.Release|x86.Build.0 = Release|Win32
		{BE4D134E-6C96-46D2-AF1D-F6B99B54C7F2}.Debug|Any CPU.ActiveCfg = Debug|Win32
		{BE4D134E-6C96-46D2-AF1D-F6B99B54C7F2}.Debug|Any CPU.Build.0 = Debug|Win32
		{BE4D134E-6C96-46D2-AF1D-F6B99B54C7F2}.Debug|x86.ActiveCfg = Debug|Win32
		{BE4D134E-6C96-46D2-AF1D-F6B99B54C7F2}.Debug|x86.Build.0 = Debug|Win32
		{BE4D134E-6C96-46D2-AF1D-F6B99B54C7F2}.Release|Any CPU.ActiveCfg = Release|Win32
		{BE4D134E-6C96-46D2-AF1D-F6B99B54C7F2}.Release|x86.ActiveCfg = Release|Win32
		{BE4D134E-6C96-46D2-AF1D-F6B99B54C7F2}.Release|x86.Build.0 = Release|Win32
	EndGlobalSection
	GlobalSection(SolutionProperties) = preSolution
		HideSolutionNode = FALSE
	EndGlobalSection
	GlobalSection(NestedProjects) = preSolution
		{9C4AAA3A-A780-4C9D-BA42-12D98458A2C6} = {FE6874E6-175A-47EE-9027-BF3E321DF703}
		{1AC52EB6-B5AB-4F35-8B33-75CE57A806A9} = {FE6874E6-175A-47EE-9027-BF3E321DF703}
		{3C64B8F1-F03A-4844-952E-E4026A7F69A9} = {FE6874E6-175A-47EE-9027-BF3E321DF703}
		{BD84623C-DCF4-4272-BBC3-8FFF90474011} = {FE6874E6-175A-47EE-9027-BF3E321DF703}
		{C635A281-7F3C-4764-B14C-20E6CF7EEE89} = {FE6874E6-175A-47EE-9027-BF3E321DF703}
		{19CB6AAB-3B32-4AC6-A929-C5B19C0C3230} = {FE6874E6-175A-47EE-9027-BF3E321DF703}
		{B62037C8-4B9D-4812-9D91-11C9790EC252} = {FE6874E6-175A-47EE-9027-BF3E321DF703}
		{5EDEEC07-8601-4AA6-8FBF-D030B945BB66} = {FE6874E6-175A-47EE-9027-BF3E321DF703}
		{6D4C878C-8D1C-4280-A91C-1E0F5749E762} = {FE6874E6-175A-47EE-9027-BF3E321DF703}
		{B76CABB1-BE2C-40B9-8B68-CC6006BFC0CD} = {FE6874E6-175A-47EE-9027-BF3E321DF703}
	EndGlobalSection
	GlobalSection(ExtensibilityGlobals) = postSolution
		SolutionGuid = {0A22150E-DE88-4530-81BF-D03B450B8910}
	EndGlobalSection
EndGlobal
