
Microsoft Visual Studio Solution File, Format Version 12.00
# Visual Studio 15
VisualStudioVersion = 15.0.28010.2036
MinimumVisualStudioVersion = 10.0.40219.1
Project("{8BC9CEB8-8B4A-11D0-8D11-00A0C91BC942}") = "Listing_A_1", "Listing_A_1\Listing_A_1.vcxproj", "{7A2F8462-529E-4AB7-8DE8-FEB06BF83714}"
EndProject
Project("{2150E333-8FDC-42A3-9474-1A3956D46DE8}") = "CS", "CS", "{668EA5F0-0F21-41C8-9B64-3BDF24D54622}"
EndProject
Project("{FAE04EC0-301F-11D3-BF4B-00C04F79EFBC}") = "Listing_A_4", "CS\Listing_A_4\Listing_A_4.csproj", "{5A1CBAF0-5270-4644-8FCA-1FB970566C9D}"
EndProject
Project("{8BC9CEB8-8B4A-11D0-8D11-00A0C91BC942}") = "Listing_A_2", "Listing_A_2\Listing_A_2.vcxproj", "{E8D690D1-0867-4074-8F9F-CD0E772CED56}"
EndProject
Project("{8BC9CEB8-8B4A-11D0-8D11-00A0C91BC942}") = "Listing_A_6", "Listing_A_6\Listing_A_6.vcxproj", "{4FEDE43A-34B7-4AEA-A925-43346ADA755F}"
EndProject
Project("{FAE04EC0-301F-11D3-BF4B-00C04F79EFBC}") = "Listing_A_8", "CS\Listing_A_8\Listing_A_8.csproj", "{321F8E16-3A18-4E18-80DA-6851EF5DD340}"
EndProject
Project("{8BC9CEB8-8B4A-11D0-8D11-00A0C91BC942}") = "Listing_A_9", "Listing_A_9\Listing_A_9.vcxproj", "{44C5C863-DB88-4A8F-8596-EB61A304DB1C}"
EndProject
Project("{8BC9CEB8-8B4A-11D0-8D11-00A0C91BC942}") = "Listing_A_10", "Listing_A_10\Listing_A_10.vcxproj", "{C6BD13C5-477E-4A6B-8648-6AE949EF5CB0}"
EndProject
Project("{FAE04EC0-301F-11D3-BF4B-00C04F79EFBC}") = "Listing_A_11", "CS\Listing_A_11\Listing_A_11.csproj", "{AD5B60E1-B7D1-4B5C-A11F-403EBED12F4B}"
EndProject
Global
	GlobalSection(SolutionConfigurationPlatforms) = preSolution
		Debug|Any CPU = Debug|Any CPU
		Debug|x64 = Debug|x64
		Debug|x86 = Debug|x86
		Release|Any CPU = Release|Any CPU
		Release|x64 = Release|x64
		Release|x86 = Release|x86
	EndGlobalSection
	GlobalSection(ProjectConfigurationPlatforms) = postSolution
		{7A2F8462-529E-4AB7-8DE8-FEB06BF83714}.Debug|Any CPU.ActiveCfg = Debug|Win32
		{7A2F8462-529E-4AB7-8DE8-FEB06BF83714}.Debug|x64.ActiveCfg = Debug|Win32
		{7A2F8462-529E-4AB7-8DE8-FEB06BF83714}.Debug|x64.Build.0 = Debug|Win32
		{7A2F8462-529E-4AB7-8DE8-FEB06BF83714}.Debug|x86.ActiveCfg = Debug|Win32
		{7A2F8462-529E-4AB7-8DE8-FEB06BF83714}.Debug|x86.Build.0 = Debug|Win32
		{7A2F8462-529E-4AB7-8DE8-FEB06BF83714}.Release|Any CPU.ActiveCfg = Release|Win32
		{7A2F8462-529E-4AB7-8DE8-FEB06BF83714}.Release|x64.ActiveCfg = Release|Win32
		{7A2F8462-529E-4AB7-8DE8-FEB06BF83714}.Release|x86.ActiveCfg = Release|Win32
		{7A2F8462-529E-4AB7-8DE8-FEB06BF83714}.Release|x86.Build.0 = Release|Win32
		{5A1CBAF0-5270-4644-8FCA-1FB970566C9D}.Debug|Any CPU.ActiveCfg = Debug|Any CPU
		{5A1CBAF0-5270-4644-8FCA-1FB970566C9D}.Debug|Any CPU.Build.0 = Debug|Any CPU
		{5A1CBAF0-5270-4644-8FCA-1FB970566C9D}.Debug|x64.ActiveCfg = Debug|Any CPU
		{5A1CBAF0-5270-4644-8FCA-1FB970566C9D}.Debug|x64.Build.0 = Debug|Any CPU
		{5A1CBAF0-5270-4644-8FCA-1FB970566C9D}.Debug|x86.ActiveCfg = Debug|Any CPU
		{5A1CBAF0-5270-4644-8FCA-1FB970566C9D}.Debug|x86.Build.0 = Debug|Any CPU
		{5A1CBAF0-5270-4644-8FCA-1FB970566C9D}.Release|Any CPU.ActiveCfg = Release|Any CPU
		{5A1CBAF0-5270-4644-8FCA-1FB970566C9D}.Release|Any CPU.Build.0 = Release|Any CPU
		{5A1CBAF0-5270-4644-8FCA-1FB970566C9D}.Release|x64.ActiveCfg = Release|Any CPU
		{5A1CBAF0-5270-4644-8FCA-1FB970566C9D}.Release|x64.Build.0 = Release|Any CPU
		{5A1CBAF0-5270-4644-8FCA-1FB970566C9D}.Release|x86.ActiveCfg = Release|Any CPU
		{5A1CBAF0-5270-4644-8FCA-1FB970566C9D}.Release|x86.Build.0 = Release|Any CPU
		{E8D690D1-0867-4074-8F9F-CD0E772CED56}.Debug|Any CPU.ActiveCfg = Debug|Win32
		{E8D690D1-0867-4074-8F9F-CD0E772CED56}.Debug|x64.ActiveCfg = Debug|Win32
		{E8D690D1-0867-4074-8F9F-CD0E772CED56}.Debug|x64.Build.0 = Debug|Win32
		{E8D690D1-0867-4074-8F9F-CD0E772CED56}.Debug|x86.ActiveCfg = Debug|Win32
		{E8D690D1-0867-4074-8F9F-CD0E772CED56}.Debug|x86.Build.0 = Debug|Win32
		{E8D690D1-0867-4074-8F9F-CD0E772CED56}.Release|Any CPU.ActiveCfg = Release|Win32
		{E8D690D1-0867-4074-8F9F-CD0E772CED56}.Release|x64.ActiveCfg = Release|Win32
		{E8D690D1-0867-4074-8F9F-CD0E772CED56}.Release|x86.ActiveCfg = Release|Win32
		{E8D690D1-0867-4074-8F9F-CD0E772CED56}.Release|x86.Build.0 = Release|Win32
		{4FEDE43A-34B7-4AEA-A925-43346ADA755F}.Debug|Any CPU.ActiveCfg = Debug|Win32
		{4FEDE43A-34B7-4AEA-A925-43346ADA755F}.Debug|x64.ActiveCfg = Debug|Win32
		{4FEDE43A-34B7-4AEA-A925-43346ADA755F}.Debug|x64.Build.0 = Debug|Win32
		{4FEDE43A-34B7-4AEA-A925-43346ADA755F}.Debug|x86.ActiveCfg = Debug|Win32
		{4FEDE43A-34B7-4AEA-A925-43346ADA755F}.Debug|x86.Build.0 = Debug|Win32
		{4FEDE43A-34B7-4AEA-A925-43346ADA755F}.Release|Any CPU.ActiveCfg = Release|Win32
		{4FEDE43A-34B7-4AEA-A925-43346ADA755F}.Release|x64.ActiveCfg = Release|Win32
		{4FEDE43A-34B7-4AEA-A925-43346ADA755F}.Release|x86.ActiveCfg = Release|Win32
		{4FEDE43A-34B7-4AEA-A925-43346ADA755F}.Release|x86.Build.0 = Release|Win32
		{321F8E16-3A18-4E18-80DA-6851EF5DD340}.Debug|Any CPU.ActiveCfg = Debug|Any CPU
		{321F8E16-3A18-4E18-80DA-6851EF5DD340}.Debug|Any CPU.Build.0 = Debug|Any CPU
		{321F8E16-3A18-4E18-80DA-6851EF5DD340}.Debug|x64.ActiveCfg = Debug|Any CPU
		{321F8E16-3A18-4E18-80DA-6851EF5DD340}.Debug|x64.Build.0 = Debug|Any CPU
		{321F8E16-3A18-4E18-80DA-6851EF5DD340}.Debug|x86.ActiveCfg = Debug|Any CPU
		{321F8E16-3A18-4E18-80DA-6851EF5DD340}.Debug|x86.Build.0 = Debug|Any CPU
		{321F8E16-3A18-4E18-80DA-6851EF5DD340}.Release|Any CPU.ActiveCfg = Release|Any CPU
		{321F8E16-3A18-4E18-80DA-6851EF5DD340}.Release|Any CPU.Build.0 = Release|Any CPU
		{321F8E16-3A18-4E18-80DA-6851EF5DD340}.Release|x64.ActiveCfg = Release|Any CPU
		{321F8E16-3A18-4E18-80DA-6851EF5DD340}.Release|x64.Build.0 = Release|Any CPU
		{321F8E16-3A18-4E18-80DA-6851EF5DD340}.Release|x86.ActiveCfg = Release|Any CPU
		{321F8E16-3A18-4E18-80DA-6851EF5DD340}.Release|x86.Build.0 = Release|Any CPU
		{44C5C863-DB88-4A8F-8596-EB61A304DB1C}.Debug|Any CPU.ActiveCfg = Debug|Win32
		{44C5C863-DB88-4A8F-8596-EB61A304DB1C}.Debug|x64.ActiveCfg = Debug|Win32
		{44C5C863-DB88-4A8F-8596-EB61A304DB1C}.Debug|x64.Build.0 = Debug|Win32
		{44C5C863-DB88-4A8F-8596-EB61A304DB1C}.Debug|x86.ActiveCfg = Debug|Win32
		{44C5C863-DB88-4A8F-8596-EB61A304DB1C}.Debug|x86.Build.0 = Debug|Win32
		{44C5C863-DB88-4A8F-8596-EB61A304DB1C}.Release|Any CPU.ActiveCfg = Release|Win32
		{44C5C863-DB88-4A8F-8596-EB61A304DB1C}.Release|x64.ActiveCfg = Release|Win32
		{44C5C863-DB88-4A8F-8596-EB61A304DB1C}.Release|x86.ActiveCfg = Release|Win32
		{44C5C863-DB88-4A8F-8596-EB61A304DB1C}.Release|x86.Build.0 = Release|Win32
		{C6BD13C5-477E-4A6B-8648-6AE949EF5CB0}.Debug|Any CPU.ActiveCfg = Debug|Win32
		{C6BD13C5-477E-4A6B-8648-6AE949EF5CB0}.Debug|x64.ActiveCfg = Debug|Win32
		{C6BD13C5-477E-4A6B-8648-6AE949EF5CB0}.Debug|x64.Build.0 = Debug|Win32
		{C6BD13C5-477E-4A6B-8648-6AE949EF5CB0}.Debug|x86.ActiveCfg = Debug|Win32
		{C6BD13C5-477E-4A6B-8648-6AE949EF5CB0}.Debug|x86.Build.0 = Debug|Win32
		{C6BD13C5-477E-4A6B-8648-6AE949EF5CB0}.Release|Any CPU.ActiveCfg = Release|Win32
		{C6BD13C5-477E-4A6B-8648-6AE949EF5CB0}.Release|x64.ActiveCfg = Release|Win32
		{C6BD13C5-477E-4A6B-8648-6AE949EF5CB0}.Release|x86.ActiveCfg = Release|Win32
		{C6BD13C5-477E-4A6B-8648-6AE949EF5CB0}.Release|x86.Build.0 = Release|Win32
		{AD5B60E1-B7D1-4B5C-A11F-403EBED12F4B}.Debug|Any CPU.ActiveCfg = Debug|Any CPU
		{AD5B60E1-B7D1-4B5C-A11F-403EBED12F4B}.Debug|Any CPU.Build.0 = Debug|Any CPU
		{AD5B60E1-B7D1-4B5C-A11F-403EBED12F4B}.Debug|x64.ActiveCfg = Debug|Any CPU
		{AD5B60E1-B7D1-4B5C-A11F-403EBED12F4B}.Debug|x64.Build.0 = Debug|Any CPU
		{AD5B60E1-B7D1-4B5C-A11F-403EBED12F4B}.Debug|x86.ActiveCfg = Debug|Any CPU
		{AD5B60E1-B7D1-4B5C-A11F-403EBED12F4B}.Debug|x86.Build.0 = Debug|Any CPU
		{AD5B60E1-B7D1-4B5C-A11F-403EBED12F4B}.Release|Any CPU.ActiveCfg = Release|Any CPU
		{AD5B60E1-B7D1-4B5C-A11F-403EBED12F4B}.Release|Any CPU.Build.0 = Release|Any CPU
		{AD5B60E1-B7D1-4B5C-A11F-403EBED12F4B}.Release|x64.ActiveCfg = Release|Any CPU
		{AD5B60E1-B7D1-4B5C-A11F-403EBED12F4B}.Release|x64.Build.0 = Release|Any CPU
		{AD5B60E1-B7D1-4B5C-A11F-403EBED12F4B}.Release|x86.ActiveCfg = Release|Any CPU
		{AD5B60E1-B7D1-4B5C-A11F-403EBED12F4B}.Release|x86.Build.0 = Release|Any CPU
	EndGlobalSection
	GlobalSection(SolutionProperties) = preSolution
		HideSolutionNode = FALSE
	EndGlobalSection
	GlobalSection(NestedProjects) = preSolution
		{5A1CBAF0-5270-4644-8FCA-1FB970566C9D} = {668EA5F0-0F21-41C8-9B64-3BDF24D54622}
		{321F8E16-3A18-4E18-80DA-6851EF5DD340} = {668EA5F0-0F21-41C8-9B64-3BDF24D54622}
		{AD5B60E1-B7D1-4B5C-A11F-403EBED12F4B} = {668EA5F0-0F21-41C8-9B64-3BDF24D54622}
	EndGlobalSection
	GlobalSection(ExtensibilityGlobals) = postSolution
		SolutionGuid = {4598A09B-6FB2-4A6F-9319-3FD1BCAF6699}
	EndGlobalSection
EndGlobal
